
Microsoft Visual Studio Solution File, Format Version 12.00
# Visual Studio Version 17
VisualStudioVersion = 17.6.33829.357
MinimumVisualStudioVersion = 10.0.40219.1
Project("{FAE04EC0-301F-11D3-BF4B-00C04F79EFBC}") = "WindowsFormsApp1", "WindowsFormsApp1\WindowsFormsApp1.csproj", "{06D2F1CA-5429-4370-97FD-89AA6706059E}"
EndProject
Global
	GlobalSection(SolutionConfigurationPlatforms) = preSolution
		Debug|Any CPU = Debug|Any CPU
		Release|Any CPU = Release|Any CPU
	EndGlobalSection
	GlobalSection(ProjectConfigurationPlatforms) = postSolution
		{06D2F1CA-5429-4370-97FD-89AA6706059E}.Debug|Any CPU.ActiveCfg = Debug|Any CPU
		{06D2F1CA-5429-4370-97FD-89AA6706059E}.Debug|Any CPU.Build.0 = Debug|Any CPU
		{06D2F1CA-5429-4370-97FD-89AA6706059E}.Release|Any CPU.ActiveCfg = Release|Any CPU
		{06D2F1CA-5429-4370-97FD-89AA6706059E}.Release|Any CPU.Build.0 = Release|Any CPU
	EndGlobalSection
	GlobalSection(SolutionProperties) = preSolution
		HideSolutionNode = FALSE
	EndGlobalSection
	GlobalSection(ExtensibilityGlobals) = postSolution
		SolutionGuid = {32503544-847C-47D1-8A22-EAD0D7ED8445}
	EndGlobalSection
EndGlobal
